
Microsoft Visual Studio Solution File, Format Version 12.00
# Visual Studio Version 16
VisualStudioVersion = 16.0.29806.167
MinimumVisualStudioVersion = 10.0.40219.1
Project("{9A19103F-16F7-4668-BE54-9A1E7A4F7556}") = "Epicenter.Api", "LearningCalendar\Epicenter.Api.csproj", "{8955372B-0011-4941-B6F7-E65900575D69}"
EndProject
Project("{2150E333-8FDC-42A3-9474-1A3956D46DE8}") = "Presentation", "Presentation", "{53139742-0E1F-4C44-A89A-C56A86361FBF}"
EndProject
Project("{2150E333-8FDC-42A3-9474-1A3956D46DE8}") = "Domain", "Domain", "{5A580259-CEFB-496E-B2FE-9D977C0C8F5D}"
EndProject
Project("{2150E333-8FDC-42A3-9474-1A3956D46DE8}") = "Persistence", "Persistence", "{BB3F8C97-3872-49CD-8233-B355559B1246}"
EndProject
Project("{2150E333-8FDC-42A3-9474-1A3956D46DE8}") = "Epicenter", "Epicenter", "{19CF6E11-5267-499F-9562-60CDAE66DFB7}"
EndProject
Project("{2150E333-8FDC-42A3-9474-1A3956D46DE8}") = "Service", "Service", "{7D021FB4-600C-435F-B7C2-69A0D5BE580E}"
EndProject
Project("{FAE04EC0-301F-11D3-BF4B-00C04F79EFBC}") = "Epicenter.Service.Interface", "Epicenter.Api.Service.Interface\Epicenter.Service.Interface.csproj", "{DE5AF851-FBE6-4903-8542-57BD4BA4D3C7}"
EndProject
Project("{FAE04EC0-301F-11D3-BF4B-00C04F79EFBC}") = "Epicenter.Service", "Epicenter.Service\Epicenter.Service.csproj", "{E2ACA520-DED1-4567-B2AB-4FB1DCDD49A2}"
EndProject
Project("{FAE04EC0-301F-11D3-BF4B-00C04F79EFBC}") = "Epicenter.Persistence.Interface", "Epicenter.Persistance.Interface\Epicenter.Persistence.Interface.csproj", "{0B7AC375-8B67-47B8-A840-A789530E7B56}"
EndProject
Project("{FAE04EC0-301F-11D3-BF4B-00C04F79EFBC}") = "Epicenter.Domain.Entity", "Entity\Epicenter.Domain.Entity.csproj", "{5602818C-F9DD-4D46-AADA-7B594773A7A0}"
EndProject
Project("{FAE04EC0-301F-11D3-BF4B-00C04F79EFBC}") = "Epicenter.Persistence", "Epicenter.Persistance\Epicenter.Persistence.csproj", "{117250CB-E53D-4AF6-8734-F042B1E7F4F7}"
EndProject
Global
	GlobalSection(SolutionConfigurationPlatforms) = preSolution
		Debug|Any CPU = Debug|Any CPU
		Release|Any CPU = Release|Any CPU
	EndGlobalSection
	GlobalSection(ProjectConfigurationPlatforms) = postSolution
		{8955372B-0011-4941-B6F7-E65900575D69}.Debug|Any CPU.ActiveCfg = Debug|Any CPU
		{8955372B-0011-4941-B6F7-E65900575D69}.Debug|Any CPU.Build.0 = Debug|Any CPU
		{8955372B-0011-4941-B6F7-E65900575D69}.Release|Any CPU.ActiveCfg = Release|Any CPU
		{8955372B-0011-4941-B6F7-E65900575D69}.Release|Any CPU.Build.0 = Release|Any CPU
		{DE5AF851-FBE6-4903-8542-57BD4BA4D3C7}.Debug|Any CPU.ActiveCfg = Debug|Any CPU
		{DE5AF851-FBE6-4903-8542-57BD4BA4D3C7}.Debug|Any CPU.Build.0 = Debug|Any CPU
		{DE5AF851-FBE6-4903-8542-57BD4BA4D3C7}.Release|Any CPU.ActiveCfg = Release|Any CPU
		{DE5AF851-FBE6-4903-8542-57BD4BA4D3C7}.Release|Any CPU.Build.0 = Release|Any CPU
		{E2ACA520-DED1-4567-B2AB-4FB1DCDD49A2}.Debug|Any CPU.ActiveCfg = Debug|Any CPU
		{E2ACA520-DED1-4567-B2AB-4FB1DCDD49A2}.Debug|Any CPU.Build.0 = Debug|Any CPU
		{E2ACA520-DED1-4567-B2AB-4FB1DCDD49A2}.Release|Any CPU.ActiveCfg = Release|Any CPU
		{E2ACA520-DED1-4567-B2AB-4FB1DCDD49A2}.Release|Any CPU.Build.0 = Release|Any CPU
		{0B7AC375-8B67-47B8-A840-A789530E7B56}.Debug|Any CPU.ActiveCfg = Debug|Any CPU
		{0B7AC375-8B67-47B8-A840-A789530E7B56}.Debug|Any CPU.Build.0 = Debug|Any CPU
		{0B7AC375-8B67-47B8-A840-A789530E7B56}.Release|Any CPU.ActiveCfg = Release|Any CPU
		{0B7AC375-8B67-47B8-A840-A789530E7B56}.Release|Any CPU.Build.0 = Release|Any CPU
		{5602818C-F9DD-4D46-AADA-7B594773A7A0}.Debug|Any CPU.ActiveCfg = Debug|Any CPU
		{5602818C-F9DD-4D46-AADA-7B594773A7A0}.Debug|Any CPU.Build.0 = Debug|Any CPU
		{5602818C-F9DD-4D46-AADA-7B594773A7A0}.Release|Any CPU.ActiveCfg = Release|Any CPU
		{5602818C-F9DD-4D46-AADA-7B594773A7A0}.Release|Any CPU.Build.0 = Release|Any CPU
		{117250CB-E53D-4AF6-8734-F042B1E7F4F7}.Debug|Any CPU.ActiveCfg = Debug|Any CPU
		{117250CB-E53D-4AF6-8734-F042B1E7F4F7}.Debug|Any CPU.Build.0 = Debug|Any CPU
		{117250CB-E53D-4AF6-8734-F042B1E7F4F7}.Release|Any CPU.ActiveCfg = Release|Any CPU
		{117250CB-E53D-4AF6-8734-F042B1E7F4F7}.Release|Any CPU.Build.0 = Release|Any CPU
	EndGlobalSection
	GlobalSection(SolutionProperties) = preSolution
		HideSolutionNode = FALSE
	EndGlobalSection
	GlobalSection(NestedProjects) = preSolution
		{8955372B-0011-4941-B6F7-E65900575D69} = {53139742-0E1F-4C44-A89A-C56A86361FBF}
		{53139742-0E1F-4C44-A89A-C56A86361FBF} = {19CF6E11-5267-499F-9562-60CDAE66DFB7}
		{5A580259-CEFB-496E-B2FE-9D977C0C8F5D} = {19CF6E11-5267-499F-9562-60CDAE66DFB7}
		{BB3F8C97-3872-49CD-8233-B355559B1246} = {19CF6E11-5267-499F-9562-60CDAE66DFB7}
		{7D021FB4-600C-435F-B7C2-69A0D5BE580E} = {19CF6E11-5267-499F-9562-60CDAE66DFB7}
		{DE5AF851-FBE6-4903-8542-57BD4BA4D3C7} = {53139742-0E1F-4C44-A89A-C56A86361FBF}
		{E2ACA520-DED1-4567-B2AB-4FB1DCDD49A2} = {7D021FB4-600C-435F-B7C2-69A0D5BE580E}
		{0B7AC375-8B67-47B8-A840-A789530E7B56} = {7D021FB4-600C-435F-B7C2-69A0D5BE580E}
		{5602818C-F9DD-4D46-AADA-7B594773A7A0} = {5A580259-CEFB-496E-B2FE-9D977C0C8F5D}
		{117250CB-E53D-4AF6-8734-F042B1E7F4F7} = {BB3F8C97-3872-49CD-8233-B355559B1246}
	EndGlobalSection
	GlobalSection(ExtensibilityGlobals) = postSolution
		SolutionGuid = {41704A08-82E5-41C9-89FF-555119862B4E}
	EndGlobalSection
EndGlobal
